# This file is automatically @generated by Cargo.
# It is not intended for manual editing.
version = 4

[[package]]
name = "anima-weave-primitives"
version = "0.1.0"
dependencies = [
 "paste",
]

[[package]]
name = "basic-vessel"
version = "0.1.0"
dependencies = [
 "anima-weave-primitives",
 "paste",
]

[[package]]
name = "cli"
version = "0.1.0"

[[package]]
name = "codegen"
version = "0.1.0"

[[package]]
name = "dsl"
version = "0.1.0"

[[package]]
name = "inventory"
version = "0.3.20"
source = "registry+https://github.com/rust-lang/crates.io-index"
checksum = "ab08d7cd2c5897f2c949e5383ea7c7db03fb19130ffcfbf7eda795137ae3cb83"
dependencies = [
 "rustversion",
]

[[package]]
name = "math-vessel"
version = "0.1.0"

[[package]]
name = "paste"
version = "1.0.15"
source = "registry+https://github.com/rust-lang/crates.io-index"
checksum = "57c0d7b74b563b49d38dae00a0c37d4d6de9b432382b2892f0574ddcae73fd0a"

[[package]]
name = "registry"
version = "0.1.0"
dependencies = [
 "anima-weave-primitives",
 "inventory",
]

[[package]]
name = "runtime"
version = "0.1.0"

[[package]]
name = "rustversion"
version = "1.0.21"
source = "registry+https://github.com/rust-lang/crates.io-index"
checksum = "8a0d197bd2c9dc6e53b84da9556a69ba4cdfab8619eb41a8bd1cc2027a0f6b1d"

[[package]]
name = "test"
version = "0.1.0"
